<?xml version="1.0" encoding="UTF-8" standalone="yes" ?>
<CodeBlocks_project_file>
	<FileVersion major="1" minor="6" />
	<Project>
		<Option title="CANvenient" />
		<Option pch_mode="2" />
		<Option compiler="gcc" />
		<Build>
			<Target title="Debug">
				<Option output="bin/CANvenient" prefix_auto="1" extension_auto="1" />
				<Option object_output="obj/Debug/" />
				<Option type="3" />
				<Option compiler="gcc" />
				<Option createDefFile="1" />
				<Option createStaticLib="1" />
				<Compiler>
					<Add option="-g" />
				</Compiler>
			</Target>
			<Target title="Release">
				<Option output="bin/CANvenient" prefix_auto="1" extension_auto="1" />
				<Option object_output="obj/Release/" />
				<Option type="3" />
				<Option compiler="gcc" />
				<Option createDefFile="1" />
				<Option createStaticLib="1" />
				<Compiler>
					<Add option="-O2" />
				</Compiler>
				<Linker>
					<Add option="-s" />
				</Linker>
			</Target>
		</Build>
		<Compiler>
			<Add option="-Wall" />
			<Add option="-fvisibility=hidden" />
			<Add directory="../src" />
			<Add directory="../deps/tiny_can/dev/lib" />
			<Add directory="../include" />
		</Compiler>
		<Linker>
			<Add option="-Wl,--no-undefined" />
			<Add library="libsocketcan" />
		</Linker>
		<Unit filename="../deps/tiny_can/dev/lib/can_drv.h" />
		<Unit filename="../deps/tiny_can/dev/lib/can_drv_config.h" />
		<Unit filename="../deps/tiny_can/dev/lib/can_drv_ex.h" />
		<Unit filename="../deps/tiny_can/dev/lib/can_types.h" />
		<Unit filename="../deps/tiny_can/dev/lib/mhs_can_drv.c">
			<Option compilerVar="CC" />
		</Unit>
		<Unit filename="../include/CANvenient.h" />
		<Unit filename="../src/CANvenient.c">
			<Option compilerVar="CC" />
		</Unit>
		<Unit filename="../src/drivers/CANvenient_Ixxat.c">
			<Option compilerVar="CC" />
		</Unit>
		<Unit filename="../src/drivers/CANvenient_Ixxat.h" />
		<Unit filename="../src/drivers/CANvenient_Kvaser.c">
			<Option compilerVar="CC" />
		</Unit>
		<Unit filename="../src/drivers/CANvenient_Kvaser.h" />
		<Unit filename="../src/drivers/CANvenient_PEAK.c">
			<Option compilerVar="CC" />
		</Unit>
		<Unit filename="../src/drivers/CANvenient_PEAK.h" />
		<Unit filename="../src/drivers/CANvenient_SocketCAN.c">
			<Option compilerVar="CC" />
		</Unit>
		<Unit filename="../src/drivers/CANvenient_SocketCAN.h" />
		<Unit filename="../src/drivers/CANvenient_Softing.c">
			<Option compilerVar="CC" />
		</Unit>
		<Unit filename="../src/drivers/CANvenient_Softing.h" />
		<Unit filename="../src/drivers/CANvenient_TinyCan.c">
			<Option compilerVar="CC" />
		</Unit>
		<Unit filename="../src/drivers/CANvenient_TinyCan.h" />
		<Unit filename="../src/drivers/CANvenient_internal.h" />
		<Unit filename="../src/drivers/CANvenient_template.c">
			<Option compilerVar="CC" />
		</Unit>
		<Unit filename="../src/drivers/CANvenient_template.h" />
		<Unit filename="../src/global.h" />
		<Extensions />
	</Project>
</CodeBlocks_project_file>
